devDependencies:
  '@commitlint/cli': 11.0.0
  '@commitlint/config-conventional': 11.0.0
  husky: 4.3.0
lockfileVersion: 5.1
packages:
  /@babel/code-frame/7.10.4:
    dependencies:
      '@babel/highlight': 7.10.4
    dev: true
    resolution:
      integrity: sha512-vG6SvB6oYEhvgisZNFRmRCUkLz11c7rp+tbNTynGqc6mS1d5ATd/sGyV6W0KZZnXRKMTzZDRgQT3Ou9jhpAfUg==
  /@babel/helper-validator-identifier/7.10.4:
    dev: true
    resolution:
      integrity: sha512-3U9y+43hz7ZM+rzG24Qe2mufW5KhvFg/NhnNph+i9mgCtdTCtMJuI1TMkrIUiK7Ix4PYlRF9I5dhqaLYA/ADXw==
  /@babel/highlight/7.10.4:
    dependencies:
      '@babel/helper-validator-identifier': 7.10.4
      chalk: 2.4.2
      js-tokens: 4.0.0
    dev: true
    resolution:
      integrity: sha512-i6rgnR/YgPEQzZZnbTHHuZdlE8qyoBNalD6F+q4vAFlcMEcqmkoG+mPqJYJCo63qPf74+Y1UZsl3l6f7/RIkmA==
  /@babel/runtime/7.12.1:
    dependencies:
      regenerator-runtime: 0.13.7
    dev: true
    resolution:
      integrity: sha512-J5AIf3vPj3UwXaAzb5j1xM4WAQDX3EMgemF8rjCP3SoW09LfRKAXQKt6CoVYl230P6iWdRcBbnLDDdnqWxZSCA==
  /@commitlint/cli/11.0.0:
    dependencies:
      '@babel/runtime': 7.12.1
      '@commitlint/format': 11.0.0
      '@commitlint/lint': 11.0.0
      '@commitlint/load': 11.0.0
      '@commitlint/read': 11.0.0
      chalk: 4.1.0
      core-js: 3.6.5
      get-stdin: 8.0.0
      lodash: 4.17.20
      resolve-from: 5.0.0
      resolve-global: 1.0.0
      yargs: 15.4.1
    dev: true
    engines:
      node: '>=v10.22.0'
    hasBin: true
    resolution:
      integrity: sha512-YWZWg1DuqqO5Zjh7vUOeSX76vm0FFyz4y0cpGMFhrhvUi5unc4IVfCXZ6337R9zxuBtmveiRuuhQqnRRer+13g==
  /@commitlint/config-conventional/11.0.0:
    dependencies:
      conventional-changelog-conventionalcommits: 4.4.0
    dev: true
    engines:
      node: '>=v10.22.0'
    resolution:
      integrity: sha512-SNDRsb5gLuDd2PL83yCOQX6pE7gevC79UPFx+GLbLfw6jGnnbO9/tlL76MLD8MOViqGbo7ZicjChO9Gn+7tHhA==
  /@commitlint/ensure/11.0.0:
    dependencies:
      '@commitlint/types': 11.0.0
      lodash: 4.17.20
    dev: true
    engines:
      node: '>=v10.22.0'
    resolution:
      integrity: sha512-/T4tjseSwlirKZdnx4AuICMNNlFvRyPQimbZIOYujp9DSO6XRtOy9NrmvWujwHsq9F5Wb80QWi4WMW6HMaENug==
  /@commitlint/execute-rule/11.0.0:
    dev: true
    engines:
      node: '>=v10.22.0'
    resolution:
      integrity: sha512-g01p1g4BmYlZ2+tdotCavrMunnPFPhTzG1ZiLKTCYrooHRbmvqo42ZZn4QMStUEIcn+jfLb6BRZX3JzIwA1ezQ==
  /@commitlint/format/11.0.0:
    dependencies:
      '@commitlint/types': 11.0.0
      chalk: 4.1.0
    dev: true
    engines:
      node: '>=v10.22.0'
    resolution:
      integrity: sha512-bpBLWmG0wfZH/svzqD1hsGTpm79TKJWcf6EXZllh2J/LSSYKxGlv967lpw0hNojme0sZd4a/97R3qA2QHWWSLg==
  /@commitlint/is-ignored/11.0.0:
    dependencies:
      '@commitlint/types': 11.0.0
      semver: 7.3.2
    dev: true
    engines:
      node: '>=v10.22.0'
    resolution:
      integrity: sha512-VLHOUBN+sOlkYC4tGuzE41yNPO2w09sQnOpfS+pSPnBFkNUUHawEuA44PLHtDvQgVuYrMAmSWFQpWabMoP5/Xg==
  /@commitlint/lint/11.0.0:
    dependencies:
      '@commitlint/is-ignored': 11.0.0
      '@commitlint/parse': 11.0.0
      '@commitlint/rules': 11.0.0
      '@commitlint/types': 11.0.0
    dev: true
    engines:
      node: '>=v10.22.0'
    resolution:
      integrity: sha512-Q8IIqGIHfwKr8ecVZyYh6NtXFmKw4YSEWEr2GJTB/fTZXgaOGtGFZDWOesCZllQ63f1s/oWJYtVv5RAEuwN8BQ==
  /@commitlint/load/11.0.0:
    dependencies:
      '@commitlint/execute-rule': 11.0.0
      '@commitlint/resolve-extends': 11.0.0
      '@commitlint/types': 11.0.0
      chalk: 4.1.0
      cosmiconfig: 7.0.0
      lodash: 4.17.20
      resolve-from: 5.0.0
    dev: true
    engines:
      node: '>=v10.22.0'
    resolution:
      integrity: sha512-t5ZBrtgvgCwPfxmG811FCp39/o3SJ7L+SNsxFL92OR4WQxPcu6c8taD0CG2lzOHGuRyuMxZ7ps3EbngT2WpiCg==
  /@commitlint/message/11.0.0:
    dev: true
    engines:
      node: '>=v10.22.0'
    resolution:
      integrity: sha512-01ObK/18JL7PEIE3dBRtoMmU6S3ecPYDTQWWhcO+ErA3Ai0KDYqV5VWWEijdcVafNpdeUNrEMigRkxXHQLbyJA==
  /@commitlint/parse/11.0.0:
    dependencies:
      conventional-changelog-angular: 5.0.11
      conventional-commits-parser: 3.1.0
    dev: true
    engines:
      node: '>=v10.22.0'
    resolution:
      integrity: sha512-DekKQAIYWAXIcyAZ6/PDBJylWJ1BROTfDIzr9PMVxZRxBPc1gW2TG8fLgjZfBP5mc0cuthPkVi91KQQKGri/7A==
  /@commitlint/read/11.0.0:
    dependencies:
      '@commitlint/top-level': 11.0.0
      fs-extra: 9.0.1
      git-raw-commits: 2.0.7
    dev: true
    engines:
      node: '>=v10.22.0'
    resolution:
      integrity: sha512-37V0V91GSv0aDzMzJioKpCoZw6l0shk7+tRG8RkW1GfZzUIytdg3XqJmM+IaIYpaop0m6BbZtfq+idzUwJnw7g==
  /@commitlint/resolve-extends/11.0.0:
    dependencies:
      import-fresh: 3.2.1
      lodash: 4.17.20
      resolve-from: 5.0.0
      resolve-global: 1.0.0
    dev: true
    engines:
      node: '>=v10.22.0'
    resolution:
      integrity: sha512-WinU6Uv6L7HDGLqn/To13KM1CWvZ09VHZqryqxXa1OY+EvJkfU734CwnOEeNlSCK7FVLrB4kmodLJtL1dkEpXw==
  /@commitlint/rules/11.0.0:
    dependencies:
      '@commitlint/ensure': 11.0.0
      '@commitlint/message': 11.0.0
      '@commitlint/to-lines': 11.0.0
      '@commitlint/types': 11.0.0
    dev: true
    engines:
      node: '>=v10.22.0'
    resolution:
      integrity: sha512-2hD9y9Ep5ZfoNxDDPkQadd2jJeocrwC4vJ98I0g8pNYn/W8hS9+/FuNpolREHN8PhmexXbkjrwyQrWbuC0DVaA==
  /@commitlint/to-lines/11.0.0:
    dev: true
    engines:
      node: '>=v10.22.0'
    resolution:
      integrity: sha512-TIDTB0Y23jlCNubDROUVokbJk6860idYB5cZkLWcRS9tlb6YSoeLn1NLafPlrhhkkkZzTYnlKYzCVrBNVes1iw==
  /@commitlint/top-level/11.0.0:
    dependencies:
      find-up: 5.0.0
    dev: true
    engines:
      node: '>=v10.22.0'
    resolution:
      integrity: sha512-O0nFU8o+Ws+py5pfMQIuyxOtfR/kwtr5ybqTvR+C2lUPer2x6lnQU+OnfD7hPM+A+COIUZWx10mYQvkR3MmtAA==
  /@commitlint/types/11.0.0:
    dev: true
    engines:
      node: '>=v10.22.0'
    resolution:
      integrity: sha512-VoNqai1vR5anRF5Tuh/+SWDFk7xi7oMwHrHrbm1BprYXjB2RJsWLhUrStMssDxEl5lW/z3EUdg8RvH/IUBccSQ==
  /@types/minimist/1.2.0:
    dev: true
    resolution:
      integrity: sha1-aaI6OtKcrwCX8G7aWbNh7i8GOfY=
  /@types/normalize-package-data/2.4.0:
    dev: true
    resolution:
      integrity: sha512-f5j5b/Gf71L+dbqxIpQ4Z2WlmI/mPJ0fOkGGmFgtb6sAu97EPczzbS3/tJKxmcYDj55OX6ssqwDAWOHIYDRDGA==
  /@types/parse-json/4.0.0:
    dev: true
    resolution:
      integrity: sha512-//oorEZjL6sbPcKUaCdIGlIUeH26mgzimjBB77G6XRgnDl/L5wOnpyBGRe/Mmf5CVW3PwEBE1NjiMZ/ssFh4wA==
  /JSONStream/1.3.5:
    dependencies:
      jsonparse: 1.3.1
      through: 2.3.8
    dev: true
    hasBin: true
    resolution:
      integrity: sha512-E+iruNOY8VV9s4JEbe1aNEm6MiszPRr/UfcHMz0TQh1BXSxHK+ASV1R6W4HpjBhSeS+54PIsAMCBmwD06LLsqQ==
  /ansi-regex/5.0.0:
    dev: true
    engines:
      node: '>=8'
    resolution:
      integrity: sha512-bY6fj56OUQ0hU1KjFNDQuJFezqKdrAyFdIevADiqrWHwSlbmBNMHp5ak2f40Pm8JTFyM2mqxkG6ngkHO11f/lg==
  /ansi-styles/3.2.1:
    dependencies:
      color-convert: 1.9.3
    dev: true
    engines:
      node: '>=4'
    resolution:
      integrity: sha512-VT0ZI6kZRdTh8YyJw3SMbYm/u+NqfsAxEpWO0Pf9sq8/e94WxxOpPKx9FR1FlyCtOVDNOQ+8ntlqFxiRc+r5qA==
  /ansi-styles/4.3.0:
    dependencies:
      color-convert: 2.0.1
    dev: true
    engines:
      node: '>=8'
    resolution:
      integrity: sha512-zbB9rCJAT1rbjiVDb2hqKFHNYLxgtk8NURxZ3IZwD3F6NtxbXZQCnnSi1Lkx+IDohdPlFp222wVALIheZJQSEg==
  /array-ify/1.0.0:
    dev: true
    resolution:
      integrity: sha1-nlKHYrSpBmrRY6aWKjZEGOlibs4=
  /arrify/1.0.1:
    dev: true
    engines:
      node: '>=0.10.0'
    resolution:
      integrity: sha1-iYUI2iIm84DfkEcoRWhJwVAaSw0=
  /at-least-node/1.0.0:
    dev: true
    engines:
      node: '>= 4.0.0'
    resolution:
      integrity: sha512-+q/t7Ekv1EDY2l6Gda6LLiX14rU9TV20Wa3ofeQmwPFZbOMo9DXrLbOjFaaclkXKWidIaopwAObQDqwWtGUjqg==
  /callsites/3.1.0:
    dev: true
    engines:
      node: '>=6'
    resolution:
      integrity: sha512-P8BjAsXvZS+VIDUI11hHCQEv74YT67YUi5JJFNWIqL235sBmjX4+qx9Muvls5ivyNENctx46xQLQ3aTuE7ssaQ==
  /camelcase-keys/6.2.2:
    dependencies:
      camelcase: 5.3.1
      map-obj: 4.1.0
      quick-lru: 4.0.1
    dev: true
    engines:
      node: '>=8'
    resolution:
      integrity: sha512-YrwaA0vEKazPBkn0ipTiMpSajYDSe+KjQfrjhcBMxJt/znbvlHd8Pw/Vamaz5EB4Wfhs3SUR3Z9mwRu/P3s3Yg==
  /camelcase/5.3.1:
    dev: true
    engines:
      node: '>=6'
    resolution:
      integrity: sha512-L28STB170nwWS63UjtlEOE3dldQApaJXZkOI1uMFfzf3rRuPegHaHesyee+YxQ+W6SvRDQV6UrdOdRiR153wJg==
  /chalk/2.4.2:
    dependencies:
      ansi-styles: 3.2.1
      escape-string-regexp: 1.0.5
      supports-color: 5.5.0
    dev: true
    engines:
      node: '>=4'
    resolution:
      integrity: sha512-Mti+f9lpJNcwF4tWV8/OrTTtF1gZi+f8FqlyAdouralcFWFQWF2+NgCHShjkCb+IFBLq9buZwE1xckQU4peSuQ==
  /chalk/4.1.0:
    dependencies:
      ansi-styles: 4.3.0
      supports-color: 7.2.0
    dev: true
    engines:
      node: '>=10'
    resolution:
      integrity: sha512-qwx12AxXe2Q5xQ43Ac//I6v5aXTipYrSESdOgzrN+9XjgEpyjpKuvSGaN4qE93f7TQTlerQQ8S+EQ0EyDoVL1A==
  /ci-info/2.0.0:
    dev: true
    resolution:
      integrity: sha512-5tK7EtrZ0N+OLFMthtqOj4fI2Jeb88C4CAZPu25LDVUgXJ0A3Js4PMGqrn0JU1W0Mh1/Z8wZzYPxqUrXeBboCQ==
  /cliui/6.0.0:
    dependencies:
      string-width: 4.2.0
      strip-ansi: 6.0.0
      wrap-ansi: 6.2.0
    dev: true
    resolution:
      integrity: sha512-t6wbgtoCXvAzst7QgXxJYqPt0usEfbgQdftEPbLL/cvv6HPE5VgvqCuAIDR0NgU52ds6rFwqrgakNLrHEjCbrQ==
  /color-convert/1.9.3:
    dependencies:
      color-name: 1.1.3
    dev: true
    resolution:
      integrity: sha512-QfAUtd+vFdAtFQcC8CCyYt1fYWxSqAiK2cSD6zDB8N3cpsEBAvRxp9zOGg6G/SHHJYAT88/az/IuDGALsNVbGg==
  /color-convert/2.0.1:
    dependencies:
      color-name: 1.1.4
    dev: true
    engines:
      node: '>=7.0.0'
    resolution:
      integrity: sha512-RRECPsj7iu/xb5oKYcsFHSppFNnsj/52OVTRKb4zP5onXwVF3zVmmToNcOfGC+CRDpfK/U584fMg38ZHCaElKQ==
  /color-name/1.1.3:
    dev: true
    resolution:
      integrity: sha1-p9BVi9icQveV3UIyj3QIMcpTvCU=
  /color-name/1.1.4:
    dev: true
    resolution:
      integrity: sha512-dOy+3AuW3a2wNbZHIuMZpTcgjGuLU/uBL/ubcZF9OXbDo8ff4O8yVp5Bf0efS8uEoYo5q4Fx7dY9OgQGXgAsQA==
  /compare-func/2.0.0:
    dependencies:
      array-ify: 1.0.0
      dot-prop: 5.3.0
    dev: true
    resolution:
      integrity: sha512-zHig5N+tPWARooBnb0Zx1MFcdfpyJrfTJ3Y5L+IFvUm8rM74hHz66z0gw0x4tijh5CorKkKUCnW82R2vmpeCRA==
  /compare-versions/3.6.0:
    dev: true
    resolution:
      integrity: sha512-W6Af2Iw1z4CB7q4uU4hv646dW9GQuBM+YpC0UvUCWSD8w90SJjp+ujJuXaEMtAXBtSqGfMPuFOVn4/+FlaqfBA==
  /conventional-changelog-angular/5.0.11:
    dependencies:
      compare-func: 2.0.0
      q: 1.5.1
    dev: true
    engines:
      node: '>=10'
    resolution:
      integrity: sha512-nSLypht/1yEflhuTogC03i7DX7sOrXGsRn14g131Potqi6cbGbGEE9PSDEHKldabB6N76HiSyw9Ph+kLmC04Qw==
  /conventional-changelog-conventionalcommits/4.4.0:
    dependencies:
      compare-func: 2.0.0
      lodash: 4.17.20
      q: 1.5.1
    dev: true
    engines:
      node: '>=10'
    resolution:
      integrity: sha512-ybvx76jTh08tpaYrYn/yd0uJNLt5yMrb1BphDe4WBredMlvPisvMghfpnJb6RmRNcqXeuhR6LfGZGewbkRm9yA==
  /conventional-commits-parser/3.1.0:
    dependencies:
      JSONStream: 1.3.5
      is-text-path: 1.0.1
      lodash: 4.17.20
      meow: 7.1.1
      split2: 2.2.0
      through2: 3.0.2
      trim-off-newlines: 1.0.1
    dev: true
    engines:
      node: '>=10'
    hasBin: true
    resolution:
      integrity: sha512-RSo5S0WIwXZiRxUGTPuYFbqvrR4vpJ1BDdTlthFgvHt5kEdnd1+pdvwWphWn57/oIl4V72NMmOocFqqJ8mFFhA==
  /core-js/3.6.5:
    dev: true
    requiresBuild: true
    resolution:
      integrity: sha512-vZVEEwZoIsI+vPEuoF9Iqf5H7/M3eeQqWlQnYa8FSKKePuYTf5MWnxb5SDAzCa60b3JBRS5g9b+Dq7b1y/RCrA==
  /core-util-is/1.0.2:
    dev: true
    resolution:
      integrity: sha1-tf1UIgqivFq1eqtxQMlAdUUDwac=
  /cosmiconfig/7.0.0:
    dependencies:
      '@types/parse-json': 4.0.0
      import-fresh: 3.2.1
      parse-json: 5.1.0
      path-type: 4.0.0
      yaml: 1.10.0
    dev: true
    engines:
      node: '>=10'
    resolution:
      integrity: sha512-pondGvTuVYDk++upghXJabWzL6Kxu6f26ljFw64Swq9v6sQPUL3EUlVDV56diOjpCayKihL6hVe8exIACU4XcA==
  /dargs/7.0.0:
    dev: true
    engines:
      node: '>=8'
    resolution:
      integrity: sha512-2iy1EkLdlBzQGvbweYRFxmFath8+K7+AKB0TlhHWkNuH+TmovaMH/Wp7V7R4u7f4SnX3OgLsU9t1NI9ioDnUpg==
  /decamelize-keys/1.1.0:
    dependencies:
      decamelize: 1.2.0
      map-obj: 1.0.1
    dev: true
    engines:
      node: '>=0.10.0'
    resolution:
      integrity: sha1-0XGoeTMlKAfrPLYdwcFEXQeN8tk=
  /decamelize/1.2.0:
    dev: true
    engines:
      node: '>=0.10.0'
    resolution:
      integrity: sha1-9lNNFRSCabIDUue+4m9QH5oZEpA=
  /dot-prop/5.3.0:
    dependencies:
      is-obj: 2.0.0
    dev: true
    engines:
      node: '>=8'
    resolution:
      integrity: sha512-QM8q3zDe58hqUqjraQOmzZ1LIH9SWQJTlEKCH4kJ2oQvLZk7RbQXvtDM2XEq3fwkV9CCvvH4LA0AV+ogFsBM2Q==
  /emoji-regex/8.0.0:
    dev: true
    resolution:
      integrity: sha512-MSjYzcWNOA0ewAHpz0MxpYFvwg6yjy1NG3xteoqz644VCo/RPgnr1/GGt+ic3iJTzQ8Eu3TdM14SawnVUmGE6A==
  /error-ex/1.3.2:
    dependencies:
      is-arrayish: 0.2.1
    dev: true
    resolution:
      integrity: sha512-7dFHNmqeFSEt2ZBsCriorKnn3Z2pj+fd9kmI6QoWw4//DL+icEBfc0U7qJCisqrTsKTjw4fNFy2pW9OqStD84g==
  /escape-string-regexp/1.0.5:
    dev: true
    engines:
      node: '>=0.8.0'
    resolution:
      integrity: sha1-G2HAViGQqN/2rjuyzwIAyhMLhtQ=
  /find-up/4.1.0:
    dependencies:
      locate-path: 5.0.0
      path-exists: 4.0.0
    dev: true
    engines:
      node: '>=8'
    resolution:
      integrity: sha512-PpOwAdQ/YlXQ2vj8a3h8IipDuYRi3wceVQQGYWxNINccq40Anw7BlsEXCMbt1Zt+OLA6Fq9suIpIWD0OsnISlw==
  /find-up/5.0.0:
    dependencies:
      locate-path: 6.0.0
      path-exists: 4.0.0
    dev: true
    engines:
      node: '>=10'
    resolution:
      integrity: sha512-78/PXT1wlLLDgTzDs7sjq9hzz0vXD+zn+7wypEe4fXQxCmdmqfGsEPQxmiCSQI3ajFV91bVSsvNtrJRiW6nGng==
  /find-versions/3.2.0:
    dependencies:
      semver-regex: 2.0.0
    dev: true
    engines:
      node: '>=6'
    resolution:
      integrity: sha512-P8WRou2S+oe222TOCHitLy8zj+SIsVJh52VP4lvXkaFVnOFFdoWv1H1Jjvel1aI6NCFOAaeAVm8qrI0odiLcww==
  /fs-extra/9.0.1:
    dependencies:
      at-least-node: 1.0.0
      graceful-fs: 4.2.4
      jsonfile: 6.0.1
      universalify: 1.0.0
    dev: true
    engines:
      node: '>=10'
    resolution:
      integrity: sha512-h2iAoN838FqAFJY2/qVpzFXy+EBxfVE220PalAqQLDVsFOHLJrZvut5puAbCdNv6WJk+B8ihI+k0c7JK5erwqQ==
  /function-bind/1.1.1:
    dev: true
    resolution:
      integrity: sha512-yIovAzMX49sF8Yl58fSCWJ5svSLuaibPxXQJFLmBObTuCr0Mf1KiPopGM9NiFjiYBCbfaa2Fh6breQ6ANVTI0A==
  /get-caller-file/2.0.5:
    dev: true
    engines:
      node: 6.* || 8.* || >= 10.*
    resolution:
      integrity: sha512-DyFP3BM/3YHTQOCUL/w0OZHR0lpKeGrxotcHWcqNEdnltqFwXVfhEBQ94eIo34AfQpo0rGki4cyIiftY06h2Fg==
  /get-stdin/8.0.0:
    dev: true
    engines:
      node: '>=10'
    resolution:
      integrity: sha512-sY22aA6xchAzprjyqmSEQv4UbAAzRN0L2dQB0NlN5acTTK9Don6nhoc3eAbUnpZiCANAMfd/+40kVdKfFygohg==
  /git-raw-commits/2.0.7:
    dependencies:
      dargs: 7.0.0
      lodash.template: 4.5.0
      meow: 7.1.1
      split2: 2.2.0
      through2: 3.0.2
    dev: true
    engines:
      node: '>=10'
    hasBin: true
    resolution:
      integrity: sha512-SkwrTqrDxw8y0G1uGJ9Zw13F7qu3LF8V4BifyDeiJCxSnjRGZD9SaoMiMqUvvXMXh6S3sOQ1DsBN7L2fMUZW/g==
  /global-dirs/0.1.1:
    dependencies:
      ini: 1.3.5
    dev: true
    engines:
      node: '>=4'
    resolution:
      integrity: sha1-sxnA3UYH81PzvpzKTHL8FIxJ9EU=
  /graceful-fs/4.2.4:
    dev: true
    resolution:
      integrity: sha512-WjKPNJF79dtJAVniUlGGWHYGz2jWxT6VhN/4m1NdkbZ2nOsEF+cI1Edgql5zCRhs/VsQYRvrXctxktVXZUkixw==
  /hard-rejection/2.1.0:
    dev: true
    engines:
      node: '>=6'
    resolution:
      integrity: sha512-VIZB+ibDhx7ObhAe7OVtoEbuP4h/MuOTHJ+J8h/eBXotJYl0fBgR72xDFCKgIh22OJZIOVNxBMWuhAr10r8HdA==
  /has-flag/3.0.0:
    dev: true
    engines:
      node: '>=4'
    resolution:
      integrity: sha1-tdRU3CGZriJWmfNGfloH87lVuv0=
  /has-flag/4.0.0:
    dev: true
    engines:
      node: '>=8'
    resolution:
      integrity: sha512-EykJT/Q1KjTWctppgIAgfSO0tKVuZUjhgMr17kqTumMl6Afv3EISleU7qZUzoXDFTAHTDC4NOoG/ZxU3EvlMPQ==
  /has/1.0.3:
    dependencies:
      function-bind: 1.1.1
    dev: true
    engines:
      node: '>= 0.4.0'
    resolution:
      integrity: sha512-f2dvO0VU6Oej7RkWJGrehjbzMAjFp5/VKPp5tTpWIV4JHHZK1/BxbFRtf/siA2SWTe09caDmVtYYzWEIbBS4zw==
  /hosted-git-info/2.8.8:
    dev: true
    resolution:
      integrity: sha512-f/wzC2QaWBs7t9IYqB4T3sR1xviIViXJRJTWBlx2Gf3g0Xi5vI7Yy4koXQ1c9OYDGHN9sBy1DQ2AB8fqZBWhUg==
  /husky/4.3.0:
    dependencies:
      chalk: 4.1.0
      ci-info: 2.0.0
      compare-versions: 3.6.0
      cosmiconfig: 7.0.0
      find-versions: 3.2.0
      opencollective-postinstall: 2.0.3
      pkg-dir: 4.2.0
      please-upgrade-node: 3.2.0
      slash: 3.0.0
      which-pm-runs: 1.0.0
    dev: true
    engines:
      node: '>=10'
    hasBin: true
    requiresBuild: true
    resolution:
      integrity: sha512-tTMeLCLqSBqnflBZnlVDhpaIMucSGaYyX6855jM4AguGeWCeSzNdb1mfyWduTZ3pe3SJVvVWGL0jO1iKZVPfTA==
  /import-fresh/3.2.1:
    dependencies:
      parent-module: 1.0.1
      resolve-from: 4.0.0
    dev: true
    engines:
      node: '>=6'
    resolution:
      integrity: sha512-6e1q1cnWP2RXD9/keSkxHScg508CdXqXWgWBaETNhyuBFz+kUZlKboh+ISK+bU++DmbHimVBrOz/zzPe0sZ3sQ==
  /indent-string/4.0.0:
    dev: true
    engines:
      node: '>=8'
    resolution:
      integrity: sha512-EdDDZu4A2OyIK7Lr/2zG+w5jmbuk1DVBnEwREQvBzspBJkCEbRa8GxU1lghYcaGJCnRWibjDXlq779X1/y5xwg==
  /inherits/2.0.4:
    dev: true
    resolution:
      integrity: sha512-k/vGaX4/Yla3WzyMCvTQOXYeIHvqOKtnqBduzTHpzpQZzAskKMhZ2K+EnBiSM9zGSoIFeMpXKxa4dYeZIQqewQ==
  /ini/1.3.5:
    dev: true
    resolution:
      integrity: sha512-RZY5huIKCMRWDUqZlEi72f/lmXKMvuszcMBduliQ3nnWbx9X/ZBQO7DijMEYS9EhHBb2qacRUMtC7svLwe0lcw==
  /is-arrayish/0.2.1:
    dev: true
    resolution:
      integrity: sha1-d8mYQFJ6qOyxqLppe4BkWnqSap0=
  /is-core-module/2.0.0:
    dependencies:
      has: 1.0.3
    dev: true
    resolution:
      integrity: sha512-jq1AH6C8MuteOoBPwkxHafmByhL9j5q4OaPGdbuD+ZtQJVzH+i6E3BJDQcBA09k57i2Hh2yQbEG8yObZ0jdlWw==
  /is-fullwidth-code-point/3.0.0:
    dev: true
    engines:
      node: '>=8'
    resolution:
      integrity: sha512-zymm5+u+sCsSWyD9qNaejV3DFvhCKclKdizYaJUuHA83RLjb7nSuGnddCHGv0hk+KY7BMAlsWeK4Ueg6EV6XQg==
  /is-obj/2.0.0:
    dev: true
    engines:
      node: '>=8'
    resolution:
      integrity: sha512-drqDG3cbczxxEJRoOXcOjtdp1J/lyp1mNn0xaznRs8+muBhgQcrnbspox5X5fOw0HnMnbfDzvnEMEtqDEJEo8w==
  /is-plain-obj/1.1.0:
    dev: true
    engines:
      node: '>=0.10.0'
    resolution:
      integrity: sha1-caUMhCnfync8kqOQpKA7OfzVHT4=
  /is-text-path/1.0.1:
    dependencies:
      text-extensions: 1.9.0
    dev: true
    engines:
      node: '>=0.10.0'
    resolution:
      integrity: sha1-Thqg+1G/vLPpJogAE5cgLBd1tm4=
  /isarray/1.0.0:
    dev: true
    resolution:
      integrity: sha1-u5NdSFgsuhaMBoNJV6VKPgcSTxE=
  /js-tokens/4.0.0:
    dev: true
    resolution:
      integrity: sha512-RdJUflcE3cUzKiMqQgsCu06FPu9UdIJO0beYbPhHN4k6apgJtifcoCtT9bcxOpYBtpD2kCM6Sbzg4CausW/PKQ==
  /json-parse-even-better-errors/2.3.1:
    dev: true
    resolution:
      integrity: sha512-xyFwyhro/JEof6Ghe2iz2NcXoj2sloNsWr/XsERDK/oiPCfaNhl5ONfp+jQdAZRQQ0IJWNzH9zIZF7li91kh2w==
  /jsonfile/6.0.1:
    dependencies:
      universalify: 1.0.0
    dev: true
    optionalDependencies:
      graceful-fs: 4.2.4
    resolution:
      integrity: sha512-jR2b5v7d2vIOust+w3wtFKZIfpC2pnRmFAhAC/BuweZFQR8qZzxH1OyrQ10HmdVYiXWkYUqPVsz91cG7EL2FBg==
  /jsonparse/1.3.1:
    dev: true
    engines:
      '0': node >= 0.2.0
    resolution:
      integrity: sha1-P02uSpH6wxX3EGL4UhzCOfE2YoA=
  /kind-of/6.0.3:
    dev: true
    engines:
      node: '>=0.10.0'
    resolution:
      integrity: sha512-dcS1ul+9tmeD95T+x28/ehLgd9mENa3LsvDTtzm3vyBEO7RPptvAD+t44WVXaUjTBRcrpFeFlC8WCruUR456hw==
  /lines-and-columns/1.1.6:
    dev: true
    resolution:
      integrity: sha1-HADHQ7QzzQpOgHWPe2SldEDZ/wA=
  /locate-path/5.0.0:
    dependencies:
      p-locate: 4.1.0
    dev: true
    engines:
      node: '>=8'
    resolution:
      integrity: sha512-t7hw9pI+WvuwNJXwk5zVHpyhIqzg2qTlklJOf0mVxGSbe3Fp2VieZcduNYjaLDoy6p9uGpQEGWG87WpMKlNq8g==
  /locate-path/6.0.0:
    dependencies:
      p-locate: 5.0.0
    dev: true
    engines:
      node: '>=10'
    resolution:
      integrity: sha512-iPZK6eYjbxRu3uB4/WZ3EsEIMJFMqAoopl3R+zuq0UjcAm/MO6KCweDgPfP3elTztoKP3KtnVHxTn2NHBSDVUw==
  /lodash._reinterpolate/3.0.0:
    dev: true
    resolution:
      integrity: sha1-DM8tiRZq8Ds2Y8eWU4t1rG4RTZ0=
  /lodash.template/4.5.0:
    dependencies:
      lodash._reinterpolate: 3.0.0
      lodash.templatesettings: 4.2.0
    dev: true
    resolution:
      integrity: sha512-84vYFxIkmidUiFxidA/KjjH9pAycqW+h980j7Fuz5qxRtO9pgB7MDFTdys1N7A5mcucRiDyEq4fusljItR1T/A==
  /lodash.templatesettings/4.2.0:
    dependencies:
      lodash._reinterpolate: 3.0.0
    dev: true
    resolution:
      integrity: sha512-stgLz+i3Aa9mZgnjr/O+v9ruKZsPsndy7qPZOchbqk2cnTU1ZaldKK+v7m54WoKIyxiuMZTKT2H81F8BeAc3ZQ==
  /lodash/4.17.20:
    dev: true
    resolution:
      integrity: sha512-PlhdFcillOINfeV7Ni6oF1TAEayyZBoZ8bcshTHqOYJYlrqzRK5hagpagky5o4HfCzzd1TRkXPMFq6cKk9rGmA==
  /map-obj/1.0.1:
    dev: true
    engines:
      node: '>=0.10.0'
    resolution:
      integrity: sha1-2TPOuSBdgr3PSIb2dCvcK03qFG0=
  /map-obj/4.1.0:
    dev: true
    engines:
      node: '>=8'
    resolution:
      integrity: sha512-glc9y00wgtwcDmp7GaE/0b0OnxpNJsVf3ael/An6Fe2Q51LLwN1er6sdomLRzz5h0+yMpiYLhWYF5R7HeqVd4g==
  /meow/7.1.1:
    dependencies:
      '@types/minimist': 1.2.0
      camelcase-keys: 6.2.2
      decamelize-keys: 1.1.0
      hard-rejection: 2.1.0
      minimist-options: 4.1.0
      normalize-package-data: 2.5.0
      read-pkg-up: 7.0.1
      redent: 3.0.0
      trim-newlines: 3.0.0
      type-fest: 0.13.1
      yargs-parser: 18.1.3
    dev: true
    engines:
      node: '>=10'
    resolution:
      integrity: sha512-GWHvA5QOcS412WCo8vwKDlTelGLsCGBVevQB5Kva961rmNfun0PCbv5+xta2kUMFJyR8/oWnn7ddeKdosbAPbA==
  /min-indent/1.0.1:
    dev: true
    engines:
      node: '>=4'
    resolution:
      integrity: sha512-I9jwMn07Sy/IwOj3zVkVik2JTvgpaykDZEigL6Rx6N9LbMywwUSMtxET+7lVoDLLd3O3IXwJwvuuns8UB/HeAg==
  /minimist-options/4.1.0:
    dependencies:
      arrify: 1.0.1
      is-plain-obj: 1.1.0
      kind-of: 6.0.3
    dev: true
    engines:
      node: '>= 6'
    resolution:
      integrity: sha512-Q4r8ghd80yhO/0j1O3B2BjweX3fiHg9cdOwjJd2J76Q135c+NDxGCqdYKQ1SKBuFfgWbAUzBfvYjPUEeNgqN1A==
  /normalize-package-data/2.5.0:
    dependencies:
      hosted-git-info: 2.8.8
      resolve: 1.18.1
      semver: 5.7.1
      validate-npm-package-license: 3.0.4
    dev: true
    resolution:
      integrity: sha512-/5CMN3T0R4XTj4DcGaexo+roZSdSFW/0AOOTROrjxzCG1wrWXEsGbRKevjlIL+ZDE4sZlJr5ED4YW0yqmkK+eA==
  /opencollective-postinstall/2.0.3:
    dev: true
    hasBin: true
    resolution:
      integrity: sha512-8AV/sCtuzUeTo8gQK5qDZzARrulB3egtLzFgteqB2tcT4Mw7B8Kt7JcDHmltjz6FOAHsvTevk70gZEbhM4ZS9Q==
  /p-limit/2.3.0:
    dependencies:
      p-try: 2.2.0
    dev: true
    engines:
      node: '>=6'
    resolution:
      integrity: sha512-//88mFWSJx8lxCzwdAABTJL2MyWB12+eIY7MDL2SqLmAkeKU9qxRvWuSyTjm3FUmpBEMuFfckAIqEaVGUDxb6w==
  /p-limit/3.0.2:
    dependencies:
      p-try: 2.2.0
    dev: true
    engines:
      node: '>=10'
    resolution:
      integrity: sha512-iwqZSOoWIW+Ew4kAGUlN16J4M7OB3ysMLSZtnhmqx7njIHFPlxWBX8xo3lVTyFVq6mI/lL9qt2IsN1sHwaxJkg==
  /p-locate/4.1.0:
    dependencies:
      p-limit: 2.3.0
    dev: true
    engines:
      node: '>=8'
    resolution:
      integrity: sha512-R79ZZ/0wAxKGu3oYMlz8jy/kbhsNrS7SKZ7PxEHBgJ5+F2mtFW2fK2cOtBh1cHYkQsbzFV7I+EoRKe6Yt0oK7A==
  /p-locate/5.0.0:
    dependencies:
      p-limit: 3.0.2
    dev: true
    engines:
      node: '>=10'
    resolution:
      integrity: sha512-LaNjtRWUBY++zB5nE/NwcaoMylSPk+S+ZHNB1TzdbMJMny6dynpAGt7X/tl/QYq3TIeE6nxHppbo2LGymrG5Pw==
  /p-try/2.2.0:
    dev: true
    engines:
      node: '>=6'
    resolution:
      integrity: sha512-R4nPAVTAU0B9D35/Gk3uJf/7XYbQcyohSKdvAxIRSNghFl4e71hVoGnBNQz9cWaXxO2I10KTC+3jMdvvoKw6dQ==
  /parent-module/1.0.1:
    dependencies:
      callsites: 3.1.0
    dev: true
    engines:
      node: '>=6'
    resolution:
      integrity: sha512-GQ2EWRpQV8/o+Aw8YqtfZZPfNRWZYkbidE9k5rpl/hC3vtHHBfGm2Ifi6qWV+coDGkrUKZAxE3Lot5kcsRlh+g==
  /parse-json/5.1.0:
    dependencies:
      '@babel/code-frame': 7.10.4
      error-ex: 1.3.2
      json-parse-even-better-errors: 2.3.1
      lines-and-columns: 1.1.6
    dev: true
    engines:
      node: '>=8'
    resolution:
      integrity: sha512-+mi/lmVVNKFNVyLXV31ERiy2CY5E1/F6QtJFEzoChPRwwngMNXRDQ9GJ5WdE2Z2P4AujsOi0/+2qHID68KwfIQ==
  /path-exists/4.0.0:
    dev: true
    engines:
      node: '>=8'
    resolution:
      integrity: sha512-ak9Qy5Q7jYb2Wwcey5Fpvg2KoAc/ZIhLSLOSBmRmygPsGwkVVt0fZa0qrtMz+m6tJTAHfZQ8FnmB4MG4LWy7/w==
  /path-parse/1.0.6:
    dev: true
    resolution:
      integrity: sha512-GSmOT2EbHrINBf9SR7CDELwlJ8AENk3Qn7OikK4nFYAu3Ote2+JYNVvkpAEQm3/TLNEJFD/xZJjzyxg3KBWOzw==
  /path-type/4.0.0:
    dev: true
    engines:
      node: '>=8'
    resolution:
      integrity: sha512-gDKb8aZMDeD/tZWs9P6+q0J9Mwkdl6xMV8TjnGP3qJVJ06bdMgkbBlLU8IdfOsIsFz2BW1rNVT3XuNEl8zPAvw==
  /pkg-dir/4.2.0:
    dependencies:
      find-up: 4.1.0
    dev: true
    engines:
      node: '>=8'
    resolution:
      integrity: sha512-HRDzbaKjC+AOWVXxAU/x54COGeIv9eb+6CkDSQoNTt4XyWoIJvuPsXizxu/Fr23EiekbtZwmh1IcIG/l/a10GQ==
  /please-upgrade-node/3.2.0:
    dependencies:
      semver-compare: 1.0.0
    dev: true
    resolution:
      integrity: sha512-gQR3WpIgNIKwBMVLkpMUeR3e1/E1y42bqDQZfql+kDeXd8COYfM8PQA4X6y7a8u9Ua9FHmsrrmirW2vHs45hWg==
  /process-nextick-args/2.0.1:
    dev: true
    resolution:
      integrity: sha512-3ouUOpQhtgrbOa17J7+uxOTpITYWaGP7/AhoR3+A+/1e9skrzelGi/dXzEYyvbxubEF6Wn2ypscTKiKJFFn1ag==
  /q/1.5.1:
    dev: true
    engines:
      node: '>=0.6.0'
      teleport: '>=0.2.0'
    resolution:
      integrity: sha1-fjL3W0E4EpHQRhHxvxQQmsAGUdc=
  /quick-lru/4.0.1:
    dev: true
    engines:
      node: '>=8'
    resolution:
      integrity: sha512-ARhCpm70fzdcvNQfPoy49IaanKkTlRWF2JMzqhcJbhSFRZv7nPTvZJdcY7301IPmvW+/p0RgIWnQDLJxifsQ7g==
  /read-pkg-up/7.0.1:
    dependencies:
      find-up: 4.1.0
      read-pkg: 5.2.0
      type-fest: 0.8.1
    dev: true
    engines:
      node: '>=8'
    resolution:
      integrity: sha512-zK0TB7Xd6JpCLmlLmufqykGE+/TlOePD6qKClNW7hHDKFh/J7/7gCWGR7joEQEW1bKq3a3yUZSObOoWLFQ4ohg==
  /read-pkg/5.2.0:
    dependencies:
      '@types/normalize-package-data': 2.4.0
      normalize-package-data: 2.5.0
      parse-json: 5.1.0
      type-fest: 0.6.0
    dev: true
    engines:
      node: '>=8'
    resolution:
      integrity: sha512-Ug69mNOpfvKDAc2Q8DRpMjjzdtrnv9HcSMX+4VsZxD1aZ6ZzrIE7rlzXBtWTyhULSMKg076AW6WR5iZpD0JiOg==
  /readable-stream/2.3.7:
    dependencies:
      core-util-is: 1.0.2
      inherits: 2.0.4
      isarray: 1.0.0
      process-nextick-args: 2.0.1
      safe-buffer: 5.1.2
      string_decoder: 1.1.1
      util-deprecate: 1.0.2
    dev: true
    resolution:
      integrity: sha512-Ebho8K4jIbHAxnuxi7o42OrZgF/ZTNcsZj6nRKyUmkhLFq8CHItp/fy6hQZuZmP/n3yZ9VBUbp4zz/mX8hmYPw==
  /readable-stream/3.6.0:
    dependencies:
      inherits: 2.0.4
      string_decoder: 1.3.0
      util-deprecate: 1.0.2
    dev: true
    engines:
      node: '>= 6'
    resolution:
      integrity: sha512-BViHy7LKeTz4oNnkcLJ+lVSL6vpiFeX6/d3oSH8zCW7UxP2onchk+vTGB143xuFjHS3deTgkKoXXymXqymiIdA==
  /redent/3.0.0:
    dependencies:
      indent-string: 4.0.0
      strip-indent: 3.0.0
    dev: true
    engines:
      node: '>=8'
    resolution:
      integrity: sha512-6tDA8g98We0zd0GvVeMT9arEOnTw9qM03L9cJXaCjrip1OO764RDBLBfrB4cwzNGDj5OA5ioymC9GkizgWJDUg==
  /regenerator-runtime/0.13.7:
    dev: true
    resolution:
      integrity: sha512-a54FxoJDIr27pgf7IgeQGxmqUNYrcV338lf/6gH456HZ/PhX+5BcwHXG9ajESmwe6WRO0tAzRUrRmNONWgkrew==
  /require-directory/2.1.1:
    dev: true
    engines:
      node: '>=0.10.0'
    resolution:
      integrity: sha1-jGStX9MNqxyXbiNE/+f3kqam30I=
  /require-main-filename/2.0.0:
    dev: true
    resolution:
      integrity: sha512-NKN5kMDylKuldxYLSUfrbo5Tuzh4hd+2E8NPPX02mZtn1VuREQToYe/ZdlJy+J3uCpfaiGF05e7B8W0iXbQHmg==
  /resolve-from/4.0.0:
    dev: true
    engines:
      node: '>=4'
    resolution:
      integrity: sha512-pb/MYmXstAkysRFx8piNI1tGFNQIFA3vkE3Gq4EuA1dF6gHp/+vgZqsCGJapvy8N3Q+4o7FwvquPJcnZ7RYy4g==
  /resolve-from/5.0.0:
    dev: true
    engines:
      node: '>=8'
    resolution:
      integrity: sha512-qYg9KP24dD5qka9J47d0aVky0N+b4fTU89LN9iDnjB5waksiC49rvMB0PrUJQGoTmH50XPiqOvAjDfaijGxYZw==
  /resolve-global/1.0.0:
    dependencies:
      global-dirs: 0.1.1
    dev: true
    engines:
      node: '>=8'
    resolution:
      integrity: sha512-zFa12V4OLtT5XUX/Q4VLvTfBf+Ok0SPc1FNGM/z9ctUdiU618qwKpWnd0CHs3+RqROfyEg/DhuHbMWYqcgljEw==
  /resolve/1.18.1:
    dependencies:
      is-core-module: 2.0.0
      path-parse: 1.0.6
    dev: true
    resolution:
      integrity: sha512-lDfCPaMKfOJXjy0dPayzPdF1phampNWr3qFCjAu+rw/qbQmr5jWH5xN2hwh9QKfw9E5v4hwV7A+jrCmL8yjjqA==
  /safe-buffer/5.1.2:
    dev: true
    resolution:
      integrity: sha512-Gd2UZBJDkXlY7GbJxfsE8/nvKkUEU1G38c1siN6QP6a9PT9MmHB8GnpscSmMJSoF8LOIrt8ud/wPtojys4G6+g==
  /safe-buffer/5.2.1:
    dev: true
    resolution:
      integrity: sha512-rp3So07KcdmmKbGvgaNxQSJr7bGVSVk5S9Eq1F+ppbRo70+YeaDxkw5Dd8NPN+GD6bjnYm2VuPuCXmpuYvmCXQ==
  /semver-compare/1.0.0:
    dev: true
    resolution:
      integrity: sha1-De4hahyUGrN+nvsXiPavxf9VN/w=
  /semver-regex/2.0.0:
    dev: true
    engines:
      node: '>=6'
    resolution:
      integrity: sha512-mUdIBBvdn0PLOeP3TEkMH7HHeUP3GjsXCwKarjv/kGmUFOYg1VqEemKhoQpWMu6X2I8kHeuVdGibLGkVK+/5Qw==
  /semver/5.7.1:
    dev: true
    hasBin: true
    resolution:
      integrity: sha512-sauaDf/PZdVgrLTNYHRtpXa1iRiKcaebiKQ1BJdpQlWH2lCvexQdX55snPFyK7QzpudqbCI0qXFfOasHdyNDGQ==
  /semver/7.3.2:
    dev: true
    engines:
      node: '>=10'
    hasBin: true
    resolution:
      integrity: sha512-OrOb32TeeambH6UrhtShmF7CRDqhL6/5XpPNp2DuRH6+9QLw/orhp72j87v8Qa1ScDkvrrBNpZcDejAirJmfXQ==
  /set-blocking/2.0.0:
    dev: true
    resolution:
      integrity: sha1-BF+XgtARrppoA93TgrJDkrPYkPc=
  /slash/3.0.0:
    dev: true
    engines:
      node: '>=8'
    resolution:
      integrity: sha512-g9Q1haeby36OSStwb4ntCGGGaKsaVSjQ68fBxoQcutl5fS1vuY18H3wSt3jFyFtrkx+Kz0V1G85A4MyAdDMi2Q==
  /spdx-correct/3.1.1:
    dependencies:
      spdx-expression-parse: 3.0.1
      spdx-license-ids: 3.0.6
    dev: true
    resolution:
      integrity: sha512-cOYcUWwhCuHCXi49RhFRCyJEK3iPj1Ziz9DpViV3tbZOwXD49QzIN3MpOLJNxh2qwq2lJJZaKMVw9qNi4jTC0w==
  /spdx-exceptions/2.3.0:
    dev: true
    resolution:
      integrity: sha512-/tTrYOC7PPI1nUAgx34hUpqXuyJG+DTHJTnIULG4rDygi4xu/tfgmq1e1cIRwRzwZgo4NLySi+ricLkZkw4i5A==
  /spdx-expression-parse/3.0.1:
    dependencies:
      spdx-exceptions: 2.3.0
      spdx-license-ids: 3.0.6
    dev: true
    resolution:
      integrity: sha512-cbqHunsQWnJNE6KhVSMsMeH5H/L9EpymbzqTQ3uLwNCLZ1Q481oWaofqH7nO6V07xlXwY6PhQdQ2IedWx/ZK4Q==
  /spdx-license-ids/3.0.6:
    dev: true
    resolution:
      integrity: sha512-+orQK83kyMva3WyPf59k1+Y525csj5JejicWut55zeTWANuN17qSiSLUXWtzHeNWORSvT7GLDJ/E/XiIWoXBTw==
  /split2/2.2.0:
    dependencies:
      through2: 2.0.5
    dev: true
    resolution:
      integrity: sha512-RAb22TG39LhI31MbreBgIuKiIKhVsawfTgEGqKHTK87aG+ul/PB8Sqoi3I7kVdRWiCfrKxK3uo4/YUkpNvhPbw==
  /string-width/4.2.0:
    dependencies:
      emoji-regex: 8.0.0
      is-fullwidth-code-point: 3.0.0
      strip-ansi: 6.0.0
    dev: true
    engines:
      node: '>=8'
    resolution:
      integrity: sha512-zUz5JD+tgqtuDjMhwIg5uFVV3dtqZ9yQJlZVfq4I01/K5Paj5UHj7VyrQOJvzawSVlKpObApbfD0Ed6yJc+1eg==
  /string_decoder/1.1.1:
    dependencies:
      safe-buffer: 5.1.2
    dev: true
    resolution:
      integrity: sha512-n/ShnvDi6FHbbVfviro+WojiFzv+s8MPMHBczVePfUpDJLwoLT0ht1l4YwBCbi8pJAveEEdnkHyPyTP/mzRfwg==
  /string_decoder/1.3.0:
    dependencies:
      safe-buffer: 5.2.1
    dev: true
    resolution:
      integrity: sha512-hkRX8U1WjJFd8LsDJ2yQ/wWWxaopEsABU1XfkM8A+j0+85JAGppt16cr1Whg6KIbb4okU6Mql6BOj+uup/wKeA==
  /strip-ansi/6.0.0:
    dependencies:
      ansi-regex: 5.0.0
    dev: true
    engines:
      node: '>=8'
    resolution:
      integrity: sha512-AuvKTrTfQNYNIctbR1K/YGTR1756GycPsg7b9bdV9Duqur4gv6aKqHXah67Z8ImS7WEz5QVcOtlfW2rZEugt6w==
  /strip-indent/3.0.0:
    dependencies:
      min-indent: 1.0.1
    dev: true
    engines:
      node: '>=8'
    resolution:
      integrity: sha512-laJTa3Jb+VQpaC6DseHhF7dXVqHTfJPCRDaEbid/drOhgitgYku/letMUqOXFoWV0zIIUbjpdH2t+tYj4bQMRQ==
  /supports-color/5.5.0:
    dependencies:
      has-flag: 3.0.0
    dev: true
    engines:
      node: '>=4'
    resolution:
      integrity: sha512-QjVjwdXIt408MIiAqCX4oUKsgU2EqAGzs2Ppkm4aQYbjm+ZEWEcW4SfFNTr4uMNZma0ey4f5lgLrkB0aX0QMow==
  /supports-color/7.2.0:
    dependencies:
      has-flag: 4.0.0
    dev: true
    engines:
      node: '>=8'
    resolution:
      integrity: sha512-qpCAvRl9stuOHveKsn7HncJRvv501qIacKzQlO/+Lwxc9+0q2wLyv4Dfvt80/DPn2pqOBsJdDiogXGR9+OvwRw==
  /text-extensions/1.9.0:
    dev: true
    engines:
      node: '>=0.10'
    resolution:
      integrity: sha512-wiBrwC1EhBelW12Zy26JeOUkQ5mRu+5o8rpsJk5+2t+Y5vE7e842qtZDQ2g1NpX/29HdyFeJ4nSIhI47ENSxlQ==
  /through/2.3.8:
    dev: true
    resolution:
      integrity: sha1-DdTJ/6q8NXlgsbckEV1+Doai4fU=
  /through2/2.0.5:
    dependencies:
      readable-stream: 2.3.7
      xtend: 4.0.2
    dev: true
    resolution:
      integrity: sha512-/mrRod8xqpA+IHSLyGCQ2s8SPHiCDEeQJSep1jqLYeEUClOFG2Qsh+4FU6G9VeqpZnGW/Su8LQGc4YKni5rYSQ==
  /through2/3.0.2:
    dependencies:
      inherits: 2.0.4
      readable-stream: 3.6.0
    dev: true
    resolution:
      integrity: sha512-enaDQ4MUyP2W6ZyT6EsMzqBPZaM/avg8iuo+l2d3QCs0J+6RaqkHV/2/lOwDTueBHeJ/2LG9lrLW3d5rWPucuQ==
  /trim-newlines/3.0.0:
    dev: true
    engines:
      node: '>=8'
    resolution:
      integrity: sha512-C4+gOpvmxaSMKuEf9Qc134F1ZuOHVXKRbtEflf4NTtuuJDEIJ9p5PXsalL8SkeRw+qit1Mo+yuvMPAKwWg/1hA==
  /trim-off-newlines/1.0.1:
    dev: true
    engines:
      node: '>=0.10.0'
    resolution:
      integrity: sha1-n5up2e+odkw4dpi8v+sshI8RrbM=
  /type-fest/0.13.1:
    dev: true
    engines:
      node: '>=10'
    resolution:
      integrity: sha512-34R7HTnG0XIJcBSn5XhDd7nNFPRcXYRZrBB2O2jdKqYODldSzBAqzsWoZYYvduky73toYS/ESqxPvkDf/F0XMg==
  /type-fest/0.6.0:
    dev: true
    engines:
      node: '>=8'
    resolution:
      integrity: sha512-q+MB8nYR1KDLrgr4G5yemftpMC7/QLqVndBmEEdqzmNj5dcFOO4Oo8qlwZE3ULT3+Zim1F8Kq4cBnikNhlCMlg==
  /type-fest/0.8.1:
    dev: true
    engines:
      node: '>=8'
    resolution:
      integrity: sha512-4dbzIzqvjtgiM5rw1k5rEHtBANKmdudhGyBEajN01fEyhaAIhsoKNy6y7+IN93IfpFtwY9iqi7kD+xwKhQsNJA==
  /universalify/1.0.0:
    dev: true
    engines:
      node: '>= 10.0.0'
    resolution:
      integrity: sha512-rb6X1W158d7pRQBg5gkR8uPaSfiids68LTJQYOtEUhoJUWBdaQHsuT/EUduxXYxcrt4r5PJ4fuHW1MHT6p0qug==
  /util-deprecate/1.0.2:
    dev: true
    resolution:
      integrity: sha1-RQ1Nyfpw3nMnYvvS1KKJgUGaDM8=
  /validate-npm-package-license/3.0.4:
    dependencies:
      spdx-correct: 3.1.1
      spdx-expression-parse: 3.0.1
    dev: true
    resolution:
      integrity: sha512-DpKm2Ui/xN7/HQKCtpZxoRWBhZ9Z0kqtygG8XCgNQ8ZlDnxuQmWhj566j8fN4Cu3/JmbhsDo7fcAJq4s9h27Ew==
  /which-module/2.0.0:
    dev: true
    resolution:
      integrity: sha1-2e8H3Od7mQK4o6j6SzHD4/fm6Ho=
  /which-pm-runs/1.0.0:
    dev: true
    resolution:
      integrity: sha1-Zws6+8VS4LVd9rd4DKdGFfI60cs=
  /wrap-ansi/6.2.0:
    dependencies:
      ansi-styles: 4.3.0
      string-width: 4.2.0
      strip-ansi: 6.0.0
    dev: true
    engines:
      node: '>=8'
    resolution:
      integrity: sha512-r6lPcBGxZXlIcymEu7InxDMhdW0KDxpLgoFLcguasxCaJ/SOIZwINatK9KY/tf+ZrlywOKU0UDj3ATXUBfxJXA==
  /xtend/4.0.2:
    dev: true
    engines:
      node: '>=0.4'
    resolution:
      integrity: sha512-LKYU1iAXJXUgAXn9URjiu+MWhyUXHsvfp7mcuYm9dSUKK0/CjtrUwFAxD82/mCWbtLsGjFIad0wIsod4zrTAEQ==
  /y18n/4.0.0:
    dev: true
    resolution:
      integrity: sha512-r9S/ZyXu/Xu9q1tYlpsLIsa3EeLXXk0VwlxqTcFRfg9EhMW+17kbt9G0NrgCmhGb5vT2hyhJZLfDGx+7+5Uj/w==
  /yaml/1.10.0:
    dev: true
    engines:
      node: '>= 6'
    resolution:
      integrity: sha512-yr2icI4glYaNG+KWONODapy2/jDdMSDnrONSjblABjD9B4Z5LgiircSt8m8sRZFNi08kG9Sm0uSHtEmP3zaEGg==
  /yargs-parser/18.1.3:
    dependencies:
      camelcase: 5.3.1
      decamelize: 1.2.0
    dev: true
    engines:
      node: '>=6'
    resolution:
      integrity: sha512-o50j0JeToy/4K6OZcaQmW6lyXXKhq7csREXcDwk2omFPJEwUNOVtJKvmDr9EI1fAJZUyZcRF7kxGBWmRXudrCQ==
  /yargs/15.4.1:
    dependencies:
      cliui: 6.0.0
      decamelize: 1.2.0
      find-up: 4.1.0
      get-caller-file: 2.0.5
      require-directory: 2.1.1
      require-main-filename: 2.0.0
      set-blocking: 2.0.0
      string-width: 4.2.0
      which-module: 2.0.0
      y18n: 4.0.0
      yargs-parser: 18.1.3
    dev: true
    engines:
      node: '>=8'
    resolution:
      integrity: sha512-aePbxDmcYW++PaqBsJ+HYUFwCdv4LVvdnhBy78E57PIor8/OVvhMrADFFEDh8DHDFRv/O9i3lPhsENjO7QX0+A==
specifiers:
  '@commitlint/cli': ^11.0.0
  '@commitlint/config-conventional': ^11.0.0
  husky: ^4.3.0
