# THIS IS AN AUTOGENERATED FILE. DO NOT EDIT THIS FILE DIRECTLY.
# yarn lockfile v1


typescript@4.0.8:
  version "4.0.8"
  resolved "https://registry.yarnpkg.com/typescript/-/typescript-4.0.8.tgz#5739105541db80a971fdbd0d56511d1a6f17d37f"
  integrity sha512-oz1765PN+imfz1MlZzSZPtC/tqcwsCyIYA8L47EkRnRW97ztRk83SzMiWLrnChC0vqoYxSU1fcFUDA5gV/ZiPg==
